[[package]]
name = "base58"
version = "2.1.1"
description = "Base58 and Base58Check implementation."
category = "main"
optional = false
python-versions = ">=3.5"

[package.extras]
tests = ["mypy", "PyHamcrest (>=2.0.2)", "pytest (>=4.6)", "pytest-benchmark", "pytest-cov", "pytest-flake8"]

[[package]]
name = "blocksmith"
version = "1.2.1"
description = "Bitcoin/Ethereum key manipulation"
category = "main"
optional = false
python-versions = "*"

[package.dependencies]
ecdsa = "*"
pycryptodome = "*"

[[package]]
name = "ecdsa"
version = "0.17.0"
description = "ECDSA cryptographic signature library (pure python)"
category = "main"
optional = false
python-versions = ">=2.6, !=3.0.*, !=3.1.*, !=3.2.*"

[package.dependencies]
six = ">=1.9.0"

[package.extras]
gmpy = ["gmpy"]
gmpy2 = ["gmpy2"]

[[package]]
name = "pycryptodome"
version = "3.12.0"
description = "Cryptographic library for Python"
category = "main"
optional = false
python-versions = ">=2.7, !=3.0.*, !=3.1.*, !=3.2.*, !=3.3.*, !=3.4.*"

[[package]]
name = "six"
version = "1.16.0"
description = "Python 2 and 3 compatibility utilities"
category = "main"
optional = false
python-versions = ">=2.7, !=3.0.*, !=3.1.*, !=3.2.*"

[metadata]
lock-version = "1.1"
python-versions = "^3.9"
content-hash = "cfc2b7bd362848c3a16fdb9a66b5bfb42a075d04a7b8386820387ac5d3558dff"

[metadata.files]
base58 = [
    {file = "base58-2.1.1-py3-none-any.whl", hash = "sha256:11a36f4d3ce51dfc1043f3218591ac4eb1ceb172919cebe05b52a5bcc8d245c2"},
    {file = "base58-2.1.1.tar.gz", hash = "sha256:c5d0cb3f5b6e81e8e35da5754388ddcc6d0d14b6c6a132cb93d69ed580a7278c"},
]
blocksmith = [
    {file = "blocksmith-1.2.1-py3-none-any.whl", hash = "sha256:a2c7950785f0273e5487c95c5f7de36ad5c11f421f72b133cb1456beda2a7438"},
    {file = "blocksmith-1.2.1.tar.gz", hash = "sha256:31a2ea41a33c6769f8b269484a5edbe183ad2c379159c83399717d3de3c68998"},
]
ecdsa = [
    {file = "ecdsa-0.17.0-py2.py3-none-any.whl", hash = "sha256:5cf31d5b33743abe0dfc28999036c849a69d548f994b535e527ee3cb7f3ef676"},
    {file = "ecdsa-0.17.0.tar.gz", hash = "sha256:b9f500bb439e4153d0330610f5d26baaf18d17b8ced1bc54410d189385ea68aa"},
]
pycryptodome = [
    {file = "pycryptodome-3.12.0-cp27-cp27m-macosx_10_9_x86_64.whl", hash = "sha256:90ad3381ccdc6a24cc2841e295706a168f32abefe64c679695712acac71fd5da"},
    {file = "pycryptodome-3.12.0-cp27-cp27m-manylinux1_i686.whl", hash = "sha256:e80f7469b0b3ea0f694230477d8501dc5a30a717e94fddd4821e6721f3053eae"},
    {file = "pycryptodome-3.12.0-cp27-cp27m-manylinux1_x86_64.whl", hash = "sha256:b91404611767a7485837a6f1fd20cf9a5ae0ad362040a022cd65827ecb1b0d00"},
    {file = "pycryptodome-3.12.0-cp27-cp27m-manylinux2010_i686.whl", hash = "sha256:db66ccda65d5d20c17b00768e462a86f6f540f9aea8419a7f76cc7d9effd82cd"},
    {file = "pycryptodome-3.12.0-cp27-cp27m-manylinux2010_x86_64.whl", hash = "sha256:dc88355c4b261ed259268e65705b28b44d99570337694d593f06e3b1698eaaf3"},
    {file = "pycryptodome-3.12.0-cp27-cp27m-manylinux2014_aarch64.whl", hash = "sha256:6f8f5b7b53516da7511951910ab458e799173722c91fea54e2ba2f56d102e4aa"},
    {file = "pycryptodome-3.12.0-cp27-cp27m-win32.whl", hash = "sha256:93acad54a72d81253242eb0a15064be559ec9d989e5173286dc21cad19f01765"},
    {file = "pycryptodome-3.12.0-cp27-cp27m-win_amd64.whl", hash = "sha256:5a8c24d39d4a237dbfe181ea6593792bf9b5582c7fcfa7b8e0e12fda5eec07af"},
    {file = "pycryptodome-3.12.0-cp27-cp27mu-manylinux1_i686.whl", hash = "sha256:32d15da81959faea6cbed95df2bb44f7f796211c110cf90b5ad3b2aeeb97fc8e"},
    {file = "pycryptodome-3.12.0-cp27-cp27mu-manylinux1_x86_64.whl", hash = "sha256:aed7eb4b64c600fbc5e6d4238991ad1b4179a558401f203d1fcbd24883748982"},
    {file = "pycryptodome-3.12.0-cp27-cp27mu-manylinux2010_i686.whl", hash = "sha256:341c6bbf932c406b4f3ee2372e8589b67ac0cf4e99e7dc081440f43a3cde9f0f"},
    {file = "pycryptodome-3.12.0-cp27-cp27mu-manylinux2010_x86_64.whl", hash = "sha256:de0b711d673904dd6c65307ead36cb76622365a393569bf880895cba21195b7a"},
    {file = "pycryptodome-3.12.0-cp27-cp27mu-manylinux2014_aarch64.whl", hash = "sha256:3558616f45d8584aee3eba27559bc6fd0ba9be6c076610ed3cc62bd5229ffdc3"},
    {file = "pycryptodome-3.12.0-cp35-abi3-macosx_10_9_x86_64.whl", hash = "sha256:a78e4324e566b5fbc2b51e9240950d82fa9e1c7eb77acdf27f58712f65622c1d"},
    {file = "pycryptodome-3.12.0-cp35-abi3-manylinux1_i686.whl", hash = "sha256:3f2f3dd596c6128d91314e60a6bcf4344610ef0e97f4ae4dd1770f86dd0748d8"},
    {file = "pycryptodome-3.12.0-cp35-abi3-manylinux1_x86_64.whl", hash = "sha256:e05f994f30f1cda3cbe57441f41220d16731cf99d868bb02a8f6484c454c206b"},
    {file = "pycryptodome-3.12.0-cp35-abi3-manylinux2010_i686.whl", hash = "sha256:4cded12e13785bbdf4ba1ff5fb9d261cd98162145f869e4fbc4a4b9083392f0b"},
    {file = "pycryptodome-3.12.0-cp35-abi3-manylinux2010_x86_64.whl", hash = "sha256:1181c90d1a6aee68a84826825548d0db1b58d8541101f908d779d601d1690586"},
    {file = "pycryptodome-3.12.0-cp35-abi3-manylinux2014_aarch64.whl", hash = "sha256:6bb0d340c93bcb674ea8899e2f6408ec64c6c21731a59481332b4b2a8143cc60"},
    {file = "pycryptodome-3.12.0-cp35-abi3-win32.whl", hash = "sha256:39da5807aa1ff820799c928f745f89432908bf6624b9e981d2d7f9e55d91b860"},
    {file = "pycryptodome-3.12.0-cp35-abi3-win_amd64.whl", hash = "sha256:212c7f7fe11cad9275fbcff50ca977f1c6643f13560d081e7b0f70596df447b8"},
    {file = "pycryptodome-3.12.0-pp27-pypy_73-macosx_10_9_x86_64.whl", hash = "sha256:b07a4238465eb8c65dd5df2ab8ba6df127e412293c0ed7656c003336f557a100"},
    {file = "pycryptodome-3.12.0-pp27-pypy_73-manylinux1_x86_64.whl", hash = "sha256:a6e1bcd9d5855f1a3c0f8d585f44c81b08f39a02754007f374fb8db9605ba29c"},
    {file = "pycryptodome-3.12.0-pp27-pypy_73-manylinux2010_x86_64.whl", hash = "sha256:aceb1d217c3a025fb963849071446cf3aca1353282fe1c3cb7bd7339a4d47947"},
    {file = "pycryptodome-3.12.0-pp27-pypy_73-win32.whl", hash = "sha256:f699360ae285fcae9c8f53ca6acf33796025a82bb0ccd7c1c551b04c1726def3"},
    {file = "pycryptodome-3.12.0-pp36-pypy36_pp73-macosx_10_9_x86_64.whl", hash = "sha256:d845c587ceb82ac7cbac7d0bf8c62a1a0fe7190b028b322da5ca65f6e5a18b9e"},
    {file = "pycryptodome-3.12.0-pp36-pypy36_pp73-manylinux1_x86_64.whl", hash = "sha256:d8083de50f6dec56c3c6f270fb193590999583a1b27c9c75bc0b5cac22d438cc"},
    {file = "pycryptodome-3.12.0-pp36-pypy36_pp73-manylinux2010_x86_64.whl", hash = "sha256:9ea2f6674c803602a7c0437fccdc2ea036707e60456974fe26ca263bd501ec45"},
    {file = "pycryptodome-3.12.0-pp36-pypy36_pp73-win32.whl", hash = "sha256:5d4264039a2087977f50072aaff2346d1c1c101cb359f9444cf92e3d1f42b4cd"},
    {file = "pycryptodome-3.12.0.zip", hash = "sha256:12c7343aec5a3b3df5c47265281b12b611f26ec9367b6129199d67da54b768c1"},
]
six = [
    {file = "six-1.16.0-py2.py3-none-any.whl", hash = "sha256:8abb2f1d86890a2dfb989f9a77cfcfd3e47c2a354b01111771326f8aa26e0254"},
    {file = "six-1.16.0.tar.gz", hash = "sha256:1e61c37477a1626458e36f7b1d82aa5c9b094fa4802892072e49de9c60c4c926"},
]
